
Microsoft Visual Studio Solution File, Format Version 12.00
# Visual Studio 15
Project("{FAE04EC0-301F-11D3-BF4B-00C04F79EFBC}") = "RomanNumeralParser", "RomanNumeralParser.csproj", "{2F734BC7-6DDC-405E-B8B3-6B83F1973369}"
EndProject
Global
	GlobalSection(SolutionConfigurationPlatforms) = preSolution
		Debug|Any CPU = Debug|Any CPU
		Release|Any CPU = Release|Any CPU
	EndGlobalSection
	GlobalSection(ProjectConfigurationPlatforms) = postSolution
		{2F734BC7-6DDC-405E-B8B3-6B83F1973369}.Debug|Any CPU.ActiveCfg = Debug|Any CPU
		{2F734BC7-6DDC-405E-B8B3-6B83F1973369}.Debug|Any CPU.Build.0 = Debug|Any CPU
		{2F734BC7-6DDC-405E-B8B3-6B83F1973369}.Release|Any CPU.ActiveCfg = Release|Any CPU
		{2F734BC7-6DDC-405E-B8B3-6B83F1973369}.Release|Any CPU.Build.0 = Release|Any CPU
	EndGlobalSection
EndGlobal
